
Microsoft Visual Studio Solution File, Format Version 12.00
# Visual Studio 15
VisualStudioVersion = 15.0.28010.2046
MinimumVisualStudioVersion = 10.0.40219.1
Project("{FAE04EC0-301F-11D3-BF4B-00C04F79EFBC}") = "Asiservy.Automatizacion.Formularios", "Asiservy.Automatizacion.Formularios\Asiservy.Automatizacion.Formularios.csproj", "{9DDCBFD2-E49D-4FA4-9B62-8123F203CFA7}"
EndProject
Project("{FAE04EC0-301F-11D3-BF4B-00C04F79EFBC}") = "Asiservy.Automatizacion.Datos", "Asiservy.Automatizacion.Datos\Asiservy.Automatizacion.Datos.csproj", "{6DE61521-D260-48AD-9419-1DA46FE9FF09}"
EndProject
Project("{FAE04EC0-301F-11D3-BF4B-00C04F79EFBC}") = "Asiservy.Automatizacion.WcfService", "Asiservy.Automatizacion.WcfService\Asiservy.Automatizacion.WcfService.csproj", "{C8A17A7A-7F97-4D83-AE9F-092E460B0909}"
EndProject
Project("{FAE04EC0-301F-11D3-BF4B-00C04F79EFBC}") = "WcfService1", "WcfService1\WcfService1.csproj", "{0A36ED8A-161A-480E-9A0C-741CF0890294}"
EndProject
Global
	GlobalSection(SolutionConfigurationPlatforms) = preSolution
		Debug|Any CPU = Debug|Any CPU
		Release|Any CPU = Release|Any CPU
	EndGlobalSection
	GlobalSection(ProjectConfigurationPlatforms) = postSolution
		{9DDCBFD2-E49D-4FA4-9B62-8123F203CFA7}.Debug|Any CPU.ActiveCfg = Debug|Any CPU
		{9DDCBFD2-E49D-4FA4-9B62-8123F203CFA7}.Debug|Any CPU.Build.0 = Debug|Any CPU
		{9DDCBFD2-E49D-4FA4-9B62-8123F203CFA7}.Release|Any CPU.ActiveCfg = Release|Any CPU
		{9DDCBFD2-E49D-4FA4-9B62-8123F203CFA7}.Release|Any CPU.Build.0 = Release|Any CPU
		{6DE61521-D260-48AD-9419-1DA46FE9FF09}.Debug|Any CPU.ActiveCfg = Debug|Any CPU
		{6DE61521-D260-48AD-9419-1DA46FE9FF09}.Debug|Any CPU.Build.0 = Debug|Any CPU
		{6DE61521-D260-48AD-9419-1DA46FE9FF09}.Release|Any CPU.ActiveCfg = Release|Any CPU
		{6DE61521-D260-48AD-9419-1DA46FE9FF09}.Release|Any CPU.Build.0 = Release|Any CPU
		{C8A17A7A-7F97-4D83-AE9F-092E460B0909}.Debug|Any CPU.ActiveCfg = Debug|Any CPU
		{C8A17A7A-7F97-4D83-AE9F-092E460B0909}.Debug|Any CPU.Build.0 = Debug|Any CPU
		{C8A17A7A-7F97-4D83-AE9F-092E460B0909}.Release|Any CPU.ActiveCfg = Release|Any CPU
		{C8A17A7A-7F97-4D83-AE9F-092E460B0909}.Release|Any CPU.Build.0 = Release|Any CPU
		{0A36ED8A-161A-480E-9A0C-741CF0890294}.Debug|Any CPU.ActiveCfg = Debug|Any CPU
		{0A36ED8A-161A-480E-9A0C-741CF0890294}.Debug|Any CPU.Build.0 = Debug|Any CPU
		{0A36ED8A-161A-480E-9A0C-741CF0890294}.Release|Any CPU.ActiveCfg = Release|Any CPU
		{0A36ED8A-161A-480E-9A0C-741CF0890294}.Release|Any CPU.Build.0 = Release|Any CPU
	EndGlobalSection
	GlobalSection(SolutionProperties) = preSolution
		HideSolutionNode = FALSE
	EndGlobalSection
	GlobalSection(ExtensibilityGlobals) = postSolution
		SolutionGuid = {53FC722B-765B-434C-A662-CD04F525414C}
	EndGlobalSection
EndGlobal
