
Microsoft Visual Studio Solution File, Format Version 12.00
# Visual Studio 15
VisualStudioVersion = 15.0.28010.2046
MinimumVisualStudioVersion = 10.0.40219.1
Project("{FAE04EC0-301F-11D3-BF4B-00C04F79EFBC}") = "Asiservy.Automatizacion.Formularios", "Asiservy.Automatizacion.Formularios\Asiservy.Automatizacion.Formularios.csproj", "{9DDCBFD2-E49D-4FA4-9B62-8123F203CFA7}"
EndProject
Project("{FAE04EC0-301F-11D3-BF4B-00C04F79EFBC}") = "Asiservy.Automatizacion.Datos", "Asiservy.Automatizacion.Datos\Asiservy.Automatizacion.Datos.csproj", "{6DE61521-D260-48AD-9419-1DA46FE9FF09}"
EndProject
Project("{FAE04EC0-301F-11D3-BF4B-00C04F79EFBC}") = "Asiservy.Automatizacion.Servicios", "Asiservy.Automatizacion.Servicios\Asiservy.Automatizacion.Servicios.csproj", "{822EBB96-DF9A-466E-AD4D-87B20727486C}"
EndProject
Global
	GlobalSection(SolutionConfigurationPlatforms) = preSolution
		Debug|Any CPU = Debug|Any CPU
		Release|Any CPU = Release|Any CPU
	EndGlobalSection
	GlobalSection(ProjectConfigurationPlatforms) = postSolution
		{9DDCBFD2-E49D-4FA4-9B62-8123F203CFA7}.Debug|Any CPU.ActiveCfg = Debug|Any CPU
		{9DDCBFD2-E49D-4FA4-9B62-8123F203CFA7}.Debug|Any CPU.Build.0 = Debug|Any CPU
		{9DDCBFD2-E49D-4FA4-9B62-8123F203CFA7}.Release|Any CPU.ActiveCfg = Release|Any CPU
		{9DDCBFD2-E49D-4FA4-9B62-8123F203CFA7}.Release|Any CPU.Build.0 = Release|Any CPU
		{6DE61521-D260-48AD-9419-1DA46FE9FF09}.Debug|Any CPU.ActiveCfg = Debug|Any CPU
		{6DE61521-D260-48AD-9419-1DA46FE9FF09}.Debug|Any CPU.Build.0 = Debug|Any CPU
		{6DE61521-D260-48AD-9419-1DA46FE9FF09}.Release|Any CPU.ActiveCfg = Release|Any CPU
		{6DE61521-D260-48AD-9419-1DA46FE9FF09}.Release|Any CPU.Build.0 = Release|Any CPU
		{822EBB96-DF9A-466E-AD4D-87B20727486C}.Debug|Any CPU.ActiveCfg = Debug|Any CPU
		{822EBB96-DF9A-466E-AD4D-87B20727486C}.Debug|Any CPU.Build.0 = Debug|Any CPU
		{822EBB96-DF9A-466E-AD4D-87B20727486C}.Release|Any CPU.ActiveCfg = Release|Any CPU
		{822EBB96-DF9A-466E-AD4D-87B20727486C}.Release|Any CPU.Build.0 = Release|Any CPU
	EndGlobalSection
	GlobalSection(SolutionProperties) = preSolution
		HideSolutionNode = FALSE
	EndGlobalSection
	GlobalSection(ExtensibilityGlobals) = postSolution
		SolutionGuid = {53FC722B-765B-434C-A662-CD04F525414C}
	EndGlobalSection
EndGlobal
